<?xml version="1.0" encoding="utf-8"?>
<Project ToolsVersion="4.0" xmlns="http://schemas.microsoft.com/developer/msbuild/2003">
  <ItemGroup>
    <Filter Include="源文件">
      <UniqueIdentifier>{4FC737F1-C7A5-4376-A066-2A32D752A2FF}</UniqueIdentifier>
      <Extensions>cpp;c;cc;cxx;c++;cppm;ixx;def;odl;idl;hpj;bat;asm;asmx</Extensions>
    </Filter>
    <Filter Include="头文件">
      <UniqueIdentifier>{93995380-89BD-4b04-88EB-625FBE52EBFB}</UniqueIdentifier>
      <Extensions>h;hh;hpp;hxx;h++;hm;inl;inc;ipp;xsd</Extensions>
    </Filter>
    <Filter Include="资源文件">
      <UniqueIdentifier>{67DA6AB6-F800-4c08-8B7A-83BB121AAD01}</UniqueIdentifier>
      <Extensions>rc;ico;cur;bmp;dlg;rc2;rct;bin;rgs;gif;jpg;jpeg;jpe;resx;tiff;tif;png;wav;mfcribbon-ms</Extensions>
    </Filter>
    <Filter Include="头文件\TCP">
      <UniqueIdentifier>{b6e241a2-c596-4198-aad2-fbcaa1dcd324}</UniqueIdentifier>
    </Filter>
    <Filter Include="头文件\TCP\sender">
      <UniqueIdentifier>{09a15bdd-b442-4f7e-bf2c-3a8aec5b8db0}</UniqueIdentifier>
    </Filter>
    <Filter Include="源文件\TCP">
      <UniqueIdentifier>{aba7bdda-c3a0-426d-8d1d-c05ba6b55cc1}</UniqueIdentifier>
    </Filter>
    <Filter Include="源文件\TCP\sender">
      <UniqueIdentifier>{e092b6fd-0d2d-4a37-b7bb-5491ab8acf8f}</UniqueIdentifier>
    </Filter>
    <Filter Include="头文件\TCP\receiver">
      <UniqueIdentifier>{d876a70c-122e-4868-b52b-3a5e6962f436}</UniqueIdentifier>
    </Filter>
    <Filter Include="源文件\TCP\receiver">
      <UniqueIdentifier>{9e5e8c47-a9ca-4048-877b-488b84460171}</UniqueIdentifier>
    </Filter>
  </ItemGroup>
  <ItemGroup>
    <ClInclude Include="sender.h">
      <Filter>头文件\TCP\sender</Filter>
    </ClInclude>
    <ClInclude Include="receiver.h">
      <Filter>头文件\TCP\receiver</Filter>
    </ClInclude>
  </ItemGroup>
  <ItemGroup>
    <ClCompile Include="sender.cpp">
      <Filter>源文件\TCP\sender</Filter>
    </ClCompile>
    <ClCompile Include="receiver.cpp">
      <Filter>源文件\TCP\receiver</Filter>
    </ClCompile>
  </ItemGroup>
</Project>